
Microsoft Visual Studio Solution File, Format Version 11.00
# Visual Studio 2010
Project("{FAE04EC0-301F-11D3-BF4B-00C04F79EFBC}") = "签到软件", "签到软件\签到软件.csproj", "{F85438BB-FBF6-412D-ADE3-78FB3B2508B5}"
EndProject
Global
	GlobalSection(SolutionConfigurationPlatforms) = preSolution
		Debug|x86 = Debug|x86
		Release|x86 = Release|x86
	EndGlobalSection
	GlobalSection(ProjectConfigurationPlatforms) = postSolution
		{F85438BB-FBF6-412D-ADE3-78FB3B2508B5}.Debug|x86.ActiveCfg = Debug|x86
		{F85438BB-FBF6-412D-ADE3-78FB3B2508B5}.Debug|x86.Build.0 = Debug|x86
		{F85438BB-FBF6-412D-ADE3-78FB3B2508B5}.Release|x86.ActiveCfg = Release|x86
		{F85438BB-FBF6-412D-ADE3-78FB3B2508B5}.Release|x86.Build.0 = Release|x86
	EndGlobalSection
	GlobalSection(SolutionProperties) = preSolution
		HideSolutionNode = FALSE
	EndGlobalSection
EndGlobal
